
Microsoft Visual Studio Solution File, Format Version 12.00
# Visual Studio Version 17
VisualStudioVersion = 17.7.34031.279
MinimumVisualStudioVersion = 10.0.40219.1
Project("{888888A0-9F3D-457C-B088-3A5042F75D52}") = "QK_Generator", "QK_Generator.pyproj", "{DC7460BA-9C66-4B93-A9E3-BE05859A835D}"
EndProject
Global
	GlobalSection(SolutionConfigurationPlatforms) = preSolution
		Debug|Any CPU = Debug|Any CPU
		Release|Any CPU = Release|Any CPU
	EndGlobalSection
	GlobalSection(ProjectConfigurationPlatforms) = postSolution
		{DC7460BA-9C66-4B93-A9E3-BE05859A835D}.Debug|Any CPU.ActiveCfg = Debug|Any CPU
		{DC7460BA-9C66-4B93-A9E3-BE05859A835D}.Release|Any CPU.ActiveCfg = Release|Any CPU
	EndGlobalSection
	GlobalSection(SolutionProperties) = preSolution
		HideSolutionNode = FALSE
	EndGlobalSection
	GlobalSection(ExtensibilityGlobals) = postSolution
		SolutionGuid = {19768B01-2816-4493-984E-ABD8E08AA29B}
	EndGlobalSection
EndGlobal
